
Microsoft Visual Studio Solution File, Format Version 12.00
# Visual Studio 15
VisualStudioVersion = 15.0.28010.2026
MinimumVisualStudioVersion = 10.0.40219.1
Project("{FAE04EC0-301F-11D3-BF4B-00C04F79EFBC}") = "Assignment 3", "Assignment 3\Assignment 3.csproj", "{A278B8FA-DCC4-453F-84C9-2338043D082D}"
EndProject
Global
	GlobalSection(SolutionConfigurationPlatforms) = preSolution
		Debug|Any CPU = Debug|Any CPU
		Release|Any CPU = Release|Any CPU
	EndGlobalSection
	GlobalSection(ProjectConfigurationPlatforms) = postSolution
		{A278B8FA-DCC4-453F-84C9-2338043D082D}.Debug|Any CPU.ActiveCfg = Debug|Any CPU
		{A278B8FA-DCC4-453F-84C9-2338043D082D}.Debug|Any CPU.Build.0 = Debug|Any CPU
		{A278B8FA-DCC4-453F-84C9-2338043D082D}.Release|Any CPU.ActiveCfg = Release|Any CPU
		{A278B8FA-DCC4-453F-84C9-2338043D082D}.Release|Any CPU.Build.0 = Release|Any CPU
	EndGlobalSection
	GlobalSection(SolutionProperties) = preSolution
		HideSolutionNode = FALSE
	EndGlobalSection
	GlobalSection(ExtensibilityGlobals) = postSolution
		SolutionGuid = {59F74598-BD6A-480C-808D-44486FCE45E9}
	EndGlobalSection
EndGlobal
