
Microsoft Visual Studio Solution File, Format Version 12.00
# Visual Studio 15
VisualStudioVersion = 15.0.27703.2042
MinimumVisualStudioVersion = 10.0.40219.1
Project("{FAE04EC0-301F-11D3-BF4B-00C04F79EFBC}") = "A5Owner", "A5Owner\A5Owner.csproj", "{E202A901-992C-4E63-BABB-841C8162D4D3}"
EndProject
Global
	GlobalSection(SolutionConfigurationPlatforms) = preSolution
		Debug|Any CPU = Debug|Any CPU
		Release|Any CPU = Release|Any CPU
	EndGlobalSection
	GlobalSection(ProjectConfigurationPlatforms) = postSolution
		{E202A901-992C-4E63-BABB-841C8162D4D3}.Debug|Any CPU.ActiveCfg = Debug|Any CPU
		{E202A901-992C-4E63-BABB-841C8162D4D3}.Debug|Any CPU.Build.0 = Debug|Any CPU
		{E202A901-992C-4E63-BABB-841C8162D4D3}.Release|Any CPU.ActiveCfg = Release|Any CPU
		{E202A901-992C-4E63-BABB-841C8162D4D3}.Release|Any CPU.Build.0 = Release|Any CPU
	EndGlobalSection
	GlobalSection(SolutionProperties) = preSolution
		HideSolutionNode = FALSE
	EndGlobalSection
	GlobalSection(ExtensibilityGlobals) = postSolution
		SolutionGuid = {EA1581C0-71DE-4E7A-AC0E-2157AE3E640E}
	EndGlobalSection
EndGlobal
